{
  "name": "js",
  "lockfileVersion": 2,
  "requires": true,
  "packages": {
    "": {
      "dependencies": {
        "web-worker": "^1.2.0"
      }
    },
    "node_modules/web-worker": {
      "version": "1.2.0",
      "resolved": "http://vm-build2.alsoft.cz/nexus/repository/npm-all/web-worker/-/web-worker-1.2.0.tgz",
      "integrity": "sha512-PgF341avzqyx60neE9DD+XS26MMNMoUQRz9NOZwW32nPQrF6p77f1htcnjBSEV8BGMKZ16choqUG4hyI0Hx7mA==",
      "license": "Apache-2.0"
    }
  },
  "dependencies": {
    "web-worker": {
      "version": "1.2.0",
      "resolved": "http://vm-build2.alsoft.cz/nexus/repository/npm-all/web-worker/-/web-worker-1.2.0.tgz",
      "integrity": "sha512-PgF341avzqyx60neE9DD+XS26MMNMoUQRz9NOZwW32nPQrF6p77f1htcnjBSEV8BGMKZ16choqUG4hyI0Hx7mA=="
    }
  }
}
